// !$*UTF8*$!
{
	archiveVersion = 1;
	classes = {
	};
	objectVersion = 56;
	objects = {

/* Begin PBXBuildFile section */
		762C3B982A54014900C0E048 /* Sidebar.swift in Sources */ = {isa = PBXBuildFile; fileRef = 762C3B972A54014900C0E048 /* Sidebar.swift */; };
		762C3B9A2A5402E300C0E048 /* SearchView.swift in Sources */ = {isa = PBXBuildFile; fileRef = 762C3B992A5402E300C0E048 /* SearchView.swift */; };
		762C3B9B2A5412F300C0E048 /* ContentView.swift in Sources */ = {isa = PBXBuildFile; fileRef = 76E2C89E292347830022364A /* ContentView.swift */; };
		762C3B9C2A5412F800C0E048 /* ContentViewState.swift in Sources */ = {isa = PBXBuildFile; fileRef = 76E2C890292341FC0022364A /* ContentViewState.swift */; };
		762C3B9D2A5412FB00C0E048 /* Database.swift in Sources */ = {isa = PBXBuildFile; fileRef = 76E2C892292341FD0022364A /* Database.swift */; };
		762C3B9E2A5412FE00C0E048 /* FiveStroke.swift in Sources */ = {isa = PBXBuildFile; fileRef = 76E2C891292341FD0022364A /* FiveStroke.swift */; };
		762C3B9F2A54130100C0E048 /* FiveTypist.swift in Sources */ = {isa = PBXBuildFile; fileRef = 76E2C893292341FE0022364A /* FiveTypist.swift */; };
		762C3BA02A54130500C0E048 /* KeyboardImageManager.swift in Sources */ = {isa = PBXBuildFile; fileRef = 76E2C895292341FF0022364A /* KeyboardImageManager.swift */; };
		7662EB322A5C02E00088E4A5 /* NSImageExtensions.swift in Sources */ = {isa = PBXBuildFile; fileRef = 7662EB312A5C02E00088E4A5 /* NSImageExtensions.swift */; };
		7662EB332A5C02E00088E4A5 /* NSImageExtensions.swift in Sources */ = {isa = PBXBuildFile; fileRef = 7662EB312A5C02E00088E4A5 /* NSImageExtensions.swift */; };
		769DC2D52A5F8F480087A16D /* NSImage+Exs.swift in Sources */ = {isa = PBXBuildFile; fileRef = 769DC2D42A5F8F480087A16D /* NSImage+Exs.swift */; };
		769DC2D72A5FA0BB0087A16D /* SingleKeyBoardView.swift in Sources */ = {isa = PBXBuildFile; fileRef = 769DC2D62A5FA0BB0087A16D /* SingleKeyBoardView.swift */; };
		769DC2D82A5FA0BB0087A16D /* SingleKeyBoardView.swift in Sources */ = {isa = PBXBuildFile; fileRef = 769DC2D62A5FA0BB0087A16D /* SingleKeyBoardView.swift */; };
		769DC2DA2A5FDEBF0087A16D /* View+Exs.swift in Sources */ = {isa = PBXBuildFile; fileRef = 769DC2D92A5FDEBF0087A16D /* View+Exs.swift */; };
		769DC2DB2A5FDEBF0087A16D /* View+Exs.swift in Sources */ = {isa = PBXBuildFile; fileRef = 769DC2D92A5FDEBF0087A16D /* View+Exs.swift */; };
		769DC2DD2A60025A0087A16D /* FavoriteButton.swift in Sources */ = {isa = PBXBuildFile; fileRef = 769DC2DC2A60025A0087A16D /* FavoriteButton.swift */; };
		769DC2DE2A60025A0087A16D /* FavoriteButton.swift in Sources */ = {isa = PBXBuildFile; fileRef = 769DC2DC2A60025A0087A16D /* FavoriteButton.swift */; };
		76C00D2C2A52CC3B009D2ED7 /* WubiMacApp.swift in Sources */ = {isa = PBXBuildFile; fileRef = 76C00D2B2A52CC3B009D2ED7 /* WubiMacApp.swift */; };
		76C00D302A52CC3C009D2ED7 /* Assets.xcassets in Resources */ = {isa = PBXBuildFile; fileRef = 76C00D2F2A52CC3C009D2ED7 /* Assets.xcassets */; };
		76C00D332A52CC3D009D2ED7 /* Preview Assets.xcassets in Resources */ = {isa = PBXBuildFile; fileRef = 76C00D322A52CC3D009D2ED7 /* Preview Assets.xcassets */; };
		76C00D372A52CCBF009D2ED7 /* Assets.xcassets in Resources */ = {isa = PBXBuildFile; fileRef = 76E2C8832923404C0022364A /* Assets.xcassets */; };
		76C00D3F2A52CCED009D2ED7 /* main.db in Resources */ = {isa = PBXBuildFile; fileRef = 76E2C88E292341FB0022364A /* main.db */; };
		76E2C8802923404A0022364A /* WubiApp.swift in Sources */ = {isa = PBXBuildFile; fileRef = 76E2C87F2923404A0022364A /* WubiApp.swift */; };
		76E2C8842923404C0022364A /* Assets.xcassets in Resources */ = {isa = PBXBuildFile; fileRef = 76E2C8832923404C0022364A /* Assets.xcassets */; };
		76E2C8882923404C0022364A /* Preview Assets.xcassets in Resources */ = {isa = PBXBuildFile; fileRef = 76E2C8872923404C0022364A /* Preview Assets.xcassets */; };
		76E2C896292341FF0022364A /* main.db in Resources */ = {isa = PBXBuildFile; fileRef = 76E2C88E292341FB0022364A /* main.db */; };
		76E2C897292341FF0022364A /* AnalysisView.swift in Sources */ = {isa = PBXBuildFile; fileRef = 76E2C88F292341FC0022364A /* AnalysisView.swift */; };
		76E2C898292341FF0022364A /* ContentViewState.swift in Sources */ = {isa = PBXBuildFile; fileRef = 76E2C890292341FC0022364A /* ContentViewState.swift */; };
		76E2C899292341FF0022364A /* FiveStroke.swift in Sources */ = {isa = PBXBuildFile; fileRef = 76E2C891292341FD0022364A /* FiveStroke.swift */; };
		76E2C89A292341FF0022364A /* Database.swift in Sources */ = {isa = PBXBuildFile; fileRef = 76E2C892292341FD0022364A /* Database.swift */; };
		76E2C89B292341FF0022364A /* FiveTypist.swift in Sources */ = {isa = PBXBuildFile; fileRef = 76E2C893292341FE0022364A /* FiveTypist.swift */; };
		76E2C89D292341FF0022364A /* KeyboardImageManager.swift in Sources */ = {isa = PBXBuildFile; fileRef = 76E2C895292341FF0022364A /* KeyboardImageManager.swift */; };
		76E2C89F292347830022364A /* ContentView.swift in Sources */ = {isa = PBXBuildFile; fileRef = 76E2C89E292347830022364A /* ContentView.swift */; };
/* End PBXBuildFile section */

/* Begin PBXFileReference section */
		762C3B972A54014900C0E048 /* Sidebar.swift */ = {isa = PBXFileReference; lastKnownFileType = sourcecode.swift; path = Sidebar.swift; sourceTree = "<group>"; };
		762C3B992A5402E300C0E048 /* SearchView.swift */ = {isa = PBXFileReference; lastKnownFileType = sourcecode.swift; path = SearchView.swift; sourceTree = "<group>"; };
		7662EB312A5C02E00088E4A5 /* NSImageExtensions.swift */ = {isa = PBXFileReference; lastKnownFileType = sourcecode.swift; path = NSImageExtensions.swift; sourceTree = "<group>"; };
		769DC2D42A5F8F480087A16D /* NSImage+Exs.swift */ = {isa = PBXFileReference; lastKnownFileType = sourcecode.swift; path = "NSImage+Exs.swift"; sourceTree = "<group>"; };
		769DC2D62A5FA0BB0087A16D /* SingleKeyBoardView.swift */ = {isa = PBXFileReference; lastKnownFileType = sourcecode.swift; path = SingleKeyBoardView.swift; sourceTree = "<group>"; };
		769DC2D92A5FDEBF0087A16D /* View+Exs.swift */ = {isa = PBXFileReference; lastKnownFileType = sourcecode.swift; path = "View+Exs.swift"; sourceTree = "<group>"; };
		769DC2DC2A60025A0087A16D /* FavoriteButton.swift */ = {isa = PBXFileReference; fileEncoding = 4; lastKnownFileType = sourcecode.swift; path = FavoriteButton.swift; sourceTree = "<group>"; };
		76C00D292A52CC3B009D2ED7 /* WubiMac.app */ = {isa = PBXFileReference; explicitFileType = wrapper.application; includeInIndex = 0; path = WubiMac.app; sourceTree = BUILT_PRODUCTS_DIR; };
		76C00D2B2A52CC3B009D2ED7 /* WubiMacApp.swift */ = {isa = PBXFileReference; lastKnownFileType = sourcecode.swift; path = WubiMacApp.swift; sourceTree = "<group>"; };
		76C00D2F2A52CC3C009D2ED7 /* Assets.xcassets */ = {isa = PBXFileReference; lastKnownFileType = folder.assetcatalog; path = Assets.xcassets; sourceTree = "<group>"; };
		76C00D322A52CC3D009D2ED7 /* Preview Assets.xcassets */ = {isa = PBXFileReference; lastKnownFileType = folder.assetcatalog; path = "Preview Assets.xcassets"; sourceTree = "<group>"; };
		76E2C87C2923404A0022364A /* Wubi.app */ = {isa = PBXFileReference; explicitFileType = wrapper.application; includeInIndex = 0; path = Wubi.app; sourceTree = BUILT_PRODUCTS_DIR; };
		76E2C87F2923404A0022364A /* WubiApp.swift */ = {isa = PBXFileReference; lastKnownFileType = sourcecode.swift; path = WubiApp.swift; sourceTree = "<group>"; };
		76E2C8832923404C0022364A /* Assets.xcassets */ = {isa = PBXFileReference; lastKnownFileType = folder.assetcatalog; path = Assets.xcassets; sourceTree = "<group>"; };
		76E2C8852923404C0022364A /* Wubi.entitlements */ = {isa = PBXFileReference; lastKnownFileType = text.plist.entitlements; path = Wubi.entitlements; sourceTree = "<group>"; };
		76E2C8872923404C0022364A /* Preview Assets.xcassets */ = {isa = PBXFileReference; lastKnownFileType = folder.assetcatalog; path = "Preview Assets.xcassets"; sourceTree = "<group>"; };
		76E2C88E292341FB0022364A /* main.db */ = {isa = PBXFileReference; lastKnownFileType = file; path = main.db; sourceTree = "<group>"; };
		76E2C88F292341FC0022364A /* AnalysisView.swift */ = {isa = PBXFileReference; fileEncoding = 4; lastKnownFileType = sourcecode.swift; path = AnalysisView.swift; sourceTree = "<group>"; };
		76E2C890292341FC0022364A /* ContentViewState.swift */ = {isa = PBXFileReference; fileEncoding = 4; lastKnownFileType = sourcecode.swift; path = ContentViewState.swift; sourceTree = "<group>"; };
		76E2C891292341FD0022364A /* FiveStroke.swift */ = {isa = PBXFileReference; fileEncoding = 4; lastKnownFileType = sourcecode.swift; path = FiveStroke.swift; sourceTree = "<group>"; };
		76E2C892292341FD0022364A /* Database.swift */ = {isa = PBXFileReference; fileEncoding = 4; lastKnownFileType = sourcecode.swift; path = Database.swift; sourceTree = "<group>"; };
		76E2C893292341FE0022364A /* FiveTypist.swift */ = {isa = PBXFileReference; fileEncoding = 4; lastKnownFileType = sourcecode.swift; path = FiveTypist.swift; sourceTree = "<group>"; };
		76E2C895292341FF0022364A /* KeyboardImageManager.swift */ = {isa = PBXFileReference; fileEncoding = 4; lastKnownFileType = sourcecode.swift; path = KeyboardImageManager.swift; sourceTree = "<group>"; };
		76E2C89E292347830022364A /* ContentView.swift */ = {isa = PBXFileReference; fileEncoding = 4; lastKnownFileType = sourcecode.swift; path = ContentView.swift; sourceTree = "<group>"; };
/* End PBXFileReference section */

/* Begin PBXFrameworksBuildPhase section */
		76C00D262A52CC3A009D2ED7 /* Frameworks */ = {
			isa = PBXFrameworksBuildPhase;
			buildActionMask = 2147483647;
			files = (
			);
			runOnlyForDeploymentPostprocessing = 0;
		};
		76E2C8792923404A0022364A /* Frameworks */ = {
			isa = PBXFrameworksBuildPhase;
			buildActionMask = 2147483647;
			files = (
			);
			runOnlyForDeploymentPostprocessing = 0;
		};
/* End PBXFrameworksBuildPhase section */

/* Begin PBXGroup section */
		769DC2D32A5F8EA80087A16D /* Extensions */ = {
			isa = PBXGroup;
			children = (
				769DC2D42A5F8F480087A16D /* NSImage+Exs.swift */,
				769DC2D92A5FDEBF0087A16D /* View+Exs.swift */,
			);
			path = Extensions;
			sourceTree = "<group>";
		};
		76C00D2A2A52CC3B009D2ED7 /* WubiMac */ = {
			isa = PBXGroup;
			children = (
				769DC2D32A5F8EA80087A16D /* Extensions */,
				76C00D2B2A52CC3B009D2ED7 /* WubiMacApp.swift */,
				762C3B972A54014900C0E048 /* Sidebar.swift */,
				762C3B992A5402E300C0E048 /* SearchView.swift */,
				76C00D2F2A52CC3C009D2ED7 /* Assets.xcassets */,
				76C00D312A52CC3D009D2ED7 /* Preview Content */,
			);
			path = WubiMac;
			sourceTree = "<group>";
		};
		76C00D312A52CC3D009D2ED7 /* Preview Content */ = {
			isa = PBXGroup;
			children = (
				76C00D322A52CC3D009D2ED7 /* Preview Assets.xcassets */,
			);
			path = "Preview Content";
			sourceTree = "<group>";
		};
		76E2C8732923404A0022364A = {
			isa = PBXGroup;
			children = (
				76E2C87E2923404A0022364A /* Wubi */,
				76C00D2A2A52CC3B009D2ED7 /* WubiMac */,
				76E2C87D2923404A0022364A /* Products */,
			);
			sourceTree = "<group>";
		};
		76E2C87D2923404A0022364A /* Products */ = {
			isa = PBXGroup;
			children = (
				76E2C87C2923404A0022364A /* Wubi.app */,
				76C00D292A52CC3B009D2ED7 /* WubiMac.app */,
			);
			name = Products;
			sourceTree = "<group>";
		};
		76E2C87E2923404A0022364A /* Wubi */ = {
			isa = PBXGroup;
			children = (
				76E2C89E292347830022364A /* ContentView.swift */,
				76E2C88F292341FC0022364A /* AnalysisView.swift */,
				76E2C890292341FC0022364A /* ContentViewState.swift */,
				76E2C892292341FD0022364A /* Database.swift */,
				76E2C891292341FD0022364A /* FiveStroke.swift */,
				76E2C893292341FE0022364A /* FiveTypist.swift */,
				769DC2D62A5FA0BB0087A16D /* SingleKeyBoardView.swift */,
				76E2C895292341FF0022364A /* KeyboardImageManager.swift */,
				7662EB312A5C02E00088E4A5 /* NSImageExtensions.swift */,
				769DC2DC2A60025A0087A16D /* FavoriteButton.swift */,
				76E2C88E292341FB0022364A /* main.db */,
				76E2C87F2923404A0022364A /* WubiApp.swift */,
				76E2C8832923404C0022364A /* Assets.xcassets */,
				76E2C8852923404C0022364A /* Wubi.entitlements */,
				76E2C8862923404C0022364A /* Preview Content */,
			);
			path = Wubi;
			sourceTree = "<group>";
		};
		76E2C8862923404C0022364A /* Preview Content */ = {
			isa = PBXGroup;
			children = (
				76E2C8872923404C0022364A /* Preview Assets.xcassets */,
			);
			path = "Preview Content";
			sourceTree = "<group>";
		};
/* End PBXGroup section */

/* Begin PBXNativeTarget section */
		76C00D282A52CC3A009D2ED7 /* WubiMac */ = {
			isa = PBXNativeTarget;
			buildConfigurationList = 76C00D362A52CC3D009D2ED7 /* Build configuration list for PBXNativeTarget "WubiMac" */;
			buildPhases = (
				76C00D252A52CC3A009D2ED7 /* Sources */,
				76C00D262A52CC3A009D2ED7 /* Frameworks */,
				76C00D272A52CC3A009D2ED7 /* Resources */,
			);
			buildRules = (
			);
			dependencies = (
			);
			name = WubiMac;
			productName = WubiMac;
			productReference = 76C00D292A52CC3B009D2ED7 /* WubiMac.app */;
			productType = "com.apple.product-type.application";
		};
		76E2C87B2923404A0022364A /* Wubi */ = {
			isa = PBXNativeTarget;
			buildConfigurationList = 76E2C88B2923404C0022364A /* Build configuration list for PBXNativeTarget "Wubi" */;
			buildPhases = (
				76E2C8782923404A0022364A /* Sources */,
				76E2C8792923404A0022364A /* Frameworks */,
				76E2C87A2923404A0022364A /* Resources */,
			);
			buildRules = (
			);
			dependencies = (
			);
			name = Wubi;
			productName = Wubi;
			productReference = 76E2C87C2923404A0022364A /* Wubi.app */;
			productType = "com.apple.product-type.application";
		};
/* End PBXNativeTarget section */

/* Begin PBXProject section */
		76E2C8742923404A0022364A /* Project object */ = {
			isa = PBXProject;
			attributes = {
				BuildIndependentTargetsInParallel = 1;
				LastSwiftUpdateCheck = 1430;
				LastUpgradeCheck = 1400;
				TargetAttributes = {
					76C00D282A52CC3A009D2ED7 = {
						CreatedOnToolsVersion = 14.3.1;
					};
					76E2C87B2923404A0022364A = {
						CreatedOnToolsVersion = 14.0;
					};
				};
			};
			buildConfigurationList = 76E2C8772923404A0022364A /* Build configuration list for PBXProject "Wubi" */;
			compatibilityVersion = "Xcode 14.0";
			developmentRegion = en;
			hasScannedForEncodings = 0;
			knownRegions = (
				en,
				Base,
			);
			mainGroup = 76E2C8732923404A0022364A;
			productRefGroup = 76E2C87D2923404A0022364A /* Products */;
			projectDirPath = "";
			projectRoot = "";
			targets = (
				76E2C87B2923404A0022364A /* Wubi */,
				76C00D282A52CC3A009D2ED7 /* WubiMac */,
			);
		};
/* End PBXProject section */

/* Begin PBXResourcesBuildPhase section */
		76C00D272A52CC3A009D2ED7 /* Resources */ = {
			isa = PBXResourcesBuildPhase;
			buildActionMask = 2147483647;
			files = (
				76C00D3F2A52CCED009D2ED7 /* main.db in Resources */,
				76C00D332A52CC3D009D2ED7 /* Preview Assets.xcassets in Resources */,
				76C00D372A52CCBF009D2ED7 /* Assets.xcassets in Resources */,
				76C00D302A52CC3C009D2ED7 /* Assets.xcassets in Resources */,
			);
			runOnlyForDeploymentPostprocessing = 0;
		};
		76E2C87A2923404A0022364A /* Resources */ = {
			isa = PBXResourcesBuildPhase;
			buildActionMask = 2147483647;
			files = (
				76E2C896292341FF0022364A /* main.db in Resources */,
				76E2C8882923404C0022364A /* Preview Assets.xcassets in Resources */,
				76E2C8842923404C0022364A /* Assets.xcassets in Resources */,
			);
			runOnlyForDeploymentPostprocessing = 0;
		};
/* End PBXResourcesBuildPhase section */

/* Begin PBXSourcesBuildPhase section */
		76C00D252A52CC3A009D2ED7 /* Sources */ = {
			isa = PBXSourcesBuildPhase;
			buildActionMask = 2147483647;
			files = (
				762C3B9D2A5412FB00C0E048 /* Database.swift in Sources */,
				769DC2D82A5FA0BB0087A16D /* SingleKeyBoardView.swift in Sources */,
				762C3B982A54014900C0E048 /* Sidebar.swift in Sources */,
				762C3B9F2A54130100C0E048 /* FiveTypist.swift in Sources */,
				769DC2D52A5F8F480087A16D /* NSImage+Exs.swift in Sources */,
				762C3BA02A54130500C0E048 /* KeyboardImageManager.swift in Sources */,
				762C3B9E2A5412FE00C0E048 /* FiveStroke.swift in Sources */,
				762C3B9A2A5402E300C0E048 /* SearchView.swift in Sources */,
				769DC2DB2A5FDEBF0087A16D /* View+Exs.swift in Sources */,
				7662EB332A5C02E00088E4A5 /* NSImageExtensions.swift in Sources */,
				762C3B9B2A5412F300C0E048 /* ContentView.swift in Sources */,
				769DC2DE2A60025A0087A16D /* FavoriteButton.swift in Sources */,
				762C3B9C2A5412F800C0E048 /* ContentViewState.swift in Sources */,
				76C00D2C2A52CC3B009D2ED7 /* WubiMacApp.swift in Sources */,
			);
			runOnlyForDeploymentPostprocessing = 0;
		};
		76E2C8782923404A0022364A /* Sources */ = {
			isa = PBXSourcesBuildPhase;
			buildActionMask = 2147483647;
			files = (
				76E2C89A292341FF0022364A /* Database.swift in Sources */,
				7662EB322A5C02E00088E4A5 /* NSImageExtensions.swift in Sources */,
				76E2C898292341FF0022364A /* ContentViewState.swift in Sources */,
				769DC2DD2A60025A0087A16D /* FavoriteButton.swift in Sources */,
				76E2C89F292347830022364A /* ContentView.swift in Sources */,
				769DC2DA2A5FDEBF0087A16D /* View+Exs.swift in Sources */,
				76E2C89D292341FF0022364A /* KeyboardImageManager.swift in Sources */,
				769DC2D72A5FA0BB0087A16D /* SingleKeyBoardView.swift in Sources */,
				76E2C897292341FF0022364A /* AnalysisView.swift in Sources */,
				76E2C899292341FF0022364A /* FiveStroke.swift in Sources */,
				76E2C8802923404A0022364A /* WubiApp.swift in Sources */,
				76E2C89B292341FF0022364A /* FiveTypist.swift in Sources */,
			);
			runOnlyForDeploymentPostprocessing = 0;
		};
/* End PBXSourcesBuildPhase section */

/* Begin XCBuildConfiguration section */
		76C00D342A52CC3D009D2ED7 /* Debug */ = {
			isa = XCBuildConfiguration;
			buildSettings = {
				ASSETCATALOG_COMPILER_APPICON_NAME = AppIcon;
				ASSETCATALOG_COMPILER_GLOBAL_ACCENT_COLOR_NAME = AccentColor;
				CODE_SIGN_STYLE = Automatic;
				CURRENT_PROJECT_VERSION = 1;
				DEVELOPMENT_ASSET_PATHS = "\"WubiMac/Preview Content\"";
				DEVELOPMENT_TEAM = K8MXV5Q42C;
				ENABLE_PREVIEWS = YES;
				GENERATE_INFOPLIST_FILE = YES;
				INFOPLIST_KEY_UIApplicationSceneManifest_Generation = YES;
				INFOPLIST_KEY_UIApplicationSupportsIndirectInputEvents = YES;
				INFOPLIST_KEY_UILaunchScreen_Generation = YES;
				INFOPLIST_KEY_UISupportedInterfaceOrientations_iPad = "UIInterfaceOrientationPortrait UIInterfaceOrientationPortraitUpsideDown UIInterfaceOrientationLandscapeLeft UIInterfaceOrientationLandscapeRight";
				INFOPLIST_KEY_UISupportedInterfaceOrientations_iPhone = "UIInterfaceOrientationPortrait UIInterfaceOrientationLandscapeLeft UIInterfaceOrientationLandscapeRight";
				IPHONEOS_DEPLOYMENT_TARGET = 16.4;
				LD_RUNPATH_SEARCH_PATHS = (
					"$(inherited)",
					"@executable_path/Frameworks",
				);
				MARKETING_VERSION = 1.0;
				PRODUCT_BUNDLE_IDENTIFIER = com.cetccst.WubiMac;
				PRODUCT_NAME = "$(TARGET_NAME)";
				SDKROOT = iphoneos;
				SUPPORTED_PLATFORMS = macosx;
				SUPPORTS_MACCATALYST = NO;
				SUPPORTS_MAC_DESIGNED_FOR_IPHONE_IPAD = NO;
				SWIFT_EMIT_LOC_STRINGS = YES;
				SWIFT_VERSION = 5.0;
			};
			name = Debug;
		};
		76C00D352A52CC3D009D2ED7 /* Release */ = {
			isa = XCBuildConfiguration;
			buildSettings = {
				ASSETCATALOG_COMPILER_APPICON_NAME = AppIcon;
				ASSETCATALOG_COMPILER_GLOBAL_ACCENT_COLOR_NAME = AccentColor;
				CODE_SIGN_STYLE = Automatic;
				CURRENT_PROJECT_VERSION = 1;
				DEVELOPMENT_ASSET_PATHS = "\"WubiMac/Preview Content\"";
				DEVELOPMENT_TEAM = K8MXV5Q42C;
				ENABLE_PREVIEWS = YES;
				GENERATE_INFOPLIST_FILE = YES;
				INFOPLIST_KEY_UIApplicationSceneManifest_Generation = YES;
				INFOPLIST_KEY_UIApplicationSupportsIndirectInputEvents = YES;
				INFOPLIST_KEY_UILaunchScreen_Generation = YES;
				INFOPLIST_KEY_UISupportedInterfaceOrientations_iPad = "UIInterfaceOrientationPortrait UIInterfaceOrientationPortraitUpsideDown UIInterfaceOrientationLandscapeLeft UIInterfaceOrientationLandscapeRight";
				INFOPLIST_KEY_UISupportedInterfaceOrientations_iPhone = "UIInterfaceOrientationPortrait UIInterfaceOrientationLandscapeLeft UIInterfaceOrientationLandscapeRight";
				IPHONEOS_DEPLOYMENT_TARGET = 16.4;
				LD_RUNPATH_SEARCH_PATHS = (
					"$(inherited)",
					"@executable_path/Frameworks",
				);
				MARKETING_VERSION = 1.0;
				PRODUCT_BUNDLE_IDENTIFIER = com.cetccst.WubiMac;
				PRODUCT_NAME = "$(TARGET_NAME)";
				SDKROOT = iphoneos;
				SUPPORTED_PLATFORMS = macosx;
				SUPPORTS_MACCATALYST = NO;
				SUPPORTS_MAC_DESIGNED_FOR_IPHONE_IPAD = NO;
				SWIFT_EMIT_LOC_STRINGS = YES;
				SWIFT_VERSION = 5.0;
				VALIDATE_PRODUCT = YES;
			};
			name = Release;
		};
		76E2C8892923404C0022364A /* Debug */ = {
			isa = XCBuildConfiguration;
			buildSettings = {
				ALWAYS_SEARCH_USER_PATHS = NO;
				CLANG_ANALYZER_NONNULL = YES;
				CLANG_ANALYZER_NUMBER_OBJECT_CONVERSION = YES_AGGRESSIVE;
				CLANG_CXX_LANGUAGE_STANDARD = "gnu++20";
				CLANG_ENABLE_MODULES = YES;
				CLANG_ENABLE_OBJC_ARC = YES;
				CLANG_ENABLE_OBJC_WEAK = YES;
				CLANG_WARN_BLOCK_CAPTURE_AUTORELEASING = YES;
				CLANG_WARN_BOOL_CONVERSION = YES;
				CLANG_WARN_COMMA = YES;
				CLANG_WARN_CONSTANT_CONVERSION = YES;
				CLANG_WARN_DEPRECATED_OBJC_IMPLEMENTATIONS = YES;
				CLANG_WARN_DIRECT_OBJC_ISA_USAGE = YES_ERROR;
				CLANG_WARN_DOCUMENTATION_COMMENTS = YES;
				CLANG_WARN_EMPTY_BODY = YES;
				CLANG_WARN_ENUM_CONVERSION = YES;
				CLANG_WARN_INFINITE_RECURSION = YES;
				CLANG_WARN_INT_CONVERSION = YES;
				CLANG_WARN_NON_LITERAL_NULL_CONVERSION = YES;
				CLANG_WARN_OBJC_IMPLICIT_RETAIN_SELF = YES;
				CLANG_WARN_OBJC_LITERAL_CONVERSION = YES;
				CLANG_WARN_OBJC_ROOT_CLASS = YES_ERROR;
				CLANG_WARN_QUOTED_INCLUDE_IN_FRAMEWORK_HEADER = YES;
				CLANG_WARN_RANGE_LOOP_ANALYSIS = YES;
				CLANG_WARN_STRICT_PROTOTYPES = YES;
				CLANG_WARN_SUSPICIOUS_MOVE = YES;
				CLANG_WARN_UNGUARDED_AVAILABILITY = YES_AGGRESSIVE;
				CLANG_WARN_UNREACHABLE_CODE = YES;
				CLANG_WARN__DUPLICATE_METHOD_MATCH = YES;
				COPY_PHASE_STRIP = NO;
				DEBUG_INFORMATION_FORMAT = dwarf;
				ENABLE_STRICT_OBJC_MSGSEND = YES;
				ENABLE_TESTABILITY = YES;
				GCC_C_LANGUAGE_STANDARD = gnu11;
				GCC_DYNAMIC_NO_PIC = NO;
				GCC_NO_COMMON_BLOCKS = YES;
				GCC_OPTIMIZATION_LEVEL = 0;
				GCC_PREPROCESSOR_DEFINITIONS = (
					"DEBUG=1",
					"$(inherited)",
				);
				GCC_WARN_64_TO_32_BIT_CONVERSION = YES;
				GCC_WARN_ABOUT_RETURN_TYPE = YES_ERROR;
				GCC_WARN_UNDECLARED_SELECTOR = YES;
				GCC_WARN_UNINITIALIZED_AUTOS = YES_AGGRESSIVE;
				GCC_WARN_UNUSED_FUNCTION = YES;
				GCC_WARN_UNUSED_VARIABLE = YES;
				MTL_ENABLE_DEBUG_INFO = INCLUDE_SOURCE;
				MTL_FAST_MATH = YES;
				ONLY_ACTIVE_ARCH = YES;
				SWIFT_ACTIVE_COMPILATION_CONDITIONS = DEBUG;
				SWIFT_OPTIMIZATION_LEVEL = "-Onone";
			};
			name = Debug;
		};
		76E2C88A2923404C0022364A /* Release */ = {
			isa = XCBuildConfiguration;
			buildSettings = {
				ALWAYS_SEARCH_USER_PATHS = NO;
				CLANG_ANALYZER_NONNULL = YES;
				CLANG_ANALYZER_NUMBER_OBJECT_CONVERSION = YES_AGGRESSIVE;
				CLANG_CXX_LANGUAGE_STANDARD = "gnu++20";
				CLANG_ENABLE_MODULES = YES;
				CLANG_ENABLE_OBJC_ARC = YES;
				CLANG_ENABLE_OBJC_WEAK = YES;
				CLANG_WARN_BLOCK_CAPTURE_AUTORELEASING = YES;
				CLANG_WARN_BOOL_CONVERSION = YES;
				CLANG_WARN_COMMA = YES;
				CLANG_WARN_CONSTANT_CONVERSION = YES;
				CLANG_WARN_DEPRECATED_OBJC_IMPLEMENTATIONS = YES;
				CLANG_WARN_DIRECT_OBJC_ISA_USAGE = YES_ERROR;
				CLANG_WARN_DOCUMENTATION_COMMENTS = YES;
				CLANG_WARN_EMPTY_BODY = YES;
				CLANG_WARN_ENUM_CONVERSION = YES;
				CLANG_WARN_INFINITE_RECURSION = YES;
				CLANG_WARN_INT_CONVERSION = YES;
				CLANG_WARN_NON_LITERAL_NULL_CONVERSION = YES;
				CLANG_WARN_OBJC_IMPLICIT_RETAIN_SELF = YES;
				CLANG_WARN_OBJC_LITERAL_CONVERSION = YES;
				CLANG_WARN_OBJC_ROOT_CLASS = YES_ERROR;
				CLANG_WARN_QUOTED_INCLUDE_IN_FRAMEWORK_HEADER = YES;
				CLANG_WARN_RANGE_LOOP_ANALYSIS = YES;
				CLANG_WARN_STRICT_PROTOTYPES = YES;
				CLANG_WARN_SUSPICIOUS_MOVE = YES;
				CLANG_WARN_UNGUARDED_AVAILABILITY = YES_AGGRESSIVE;
				CLANG_WARN_UNREACHABLE_CODE = YES;
				CLANG_WARN__DUPLICATE_METHOD_MATCH = YES;
				COPY_PHASE_STRIP = NO;
				DEBUG_INFORMATION_FORMAT = "dwarf-with-dsym";
				ENABLE_NS_ASSERTIONS = NO;
				ENABLE_STRICT_OBJC_MSGSEND = YES;
				GCC_C_LANGUAGE_STANDARD = gnu11;
				GCC_NO_COMMON_BLOCKS = YES;
				GCC_WARN_64_TO_32_BIT_CONVERSION = YES;
				GCC_WARN_ABOUT_RETURN_TYPE = YES_ERROR;
				GCC_WARN_UNDECLARED_SELECTOR = YES;
				GCC_WARN_UNINITIALIZED_AUTOS = YES_AGGRESSIVE;
				GCC_WARN_UNUSED_FUNCTION = YES;
				GCC_WARN_UNUSED_VARIABLE = YES;
				MTL_ENABLE_DEBUG_INFO = NO;
				MTL_FAST_MATH = YES;
				SWIFT_COMPILATION_MODE = wholemodule;
				SWIFT_OPTIMIZATION_LEVEL = "-O";
			};
			name = Release;
		};
		76E2C88C2923404C0022364A /* Debug */ = {
			isa = XCBuildConfiguration;
			buildSettings = {
				ASSETCATALOG_COMPILER_APPICON_NAME = AppIcon;
				ASSETCATALOG_COMPILER_GLOBAL_ACCENT_COLOR_NAME = AccentColor;
				CODE_SIGN_ENTITLEMENTS = Wubi/Wubi.entitlements;
				CODE_SIGN_STYLE = Automatic;
				CURRENT_PROJECT_VERSION = 1;
				DEVELOPMENT_ASSET_PATHS = "\"Wubi/Preview Content\"";
				DEVELOPMENT_TEAM = K8MXV5Q42C;
				ENABLE_HARDENED_RUNTIME = YES;
				ENABLE_PREVIEWS = YES;
				GENERATE_INFOPLIST_FILE = YES;
				"INFOPLIST_KEY_UIApplicationSceneManifest_Generation[sdk=iphoneos*]" = YES;
				"INFOPLIST_KEY_UIApplicationSceneManifest_Generation[sdk=iphonesimulator*]" = YES;
				"INFOPLIST_KEY_UIApplicationSupportsIndirectInputEvents[sdk=iphoneos*]" = YES;
				"INFOPLIST_KEY_UIApplicationSupportsIndirectInputEvents[sdk=iphonesimulator*]" = YES;
				"INFOPLIST_KEY_UILaunchScreen_Generation[sdk=iphoneos*]" = YES;
				"INFOPLIST_KEY_UILaunchScreen_Generation[sdk=iphonesimulator*]" = YES;
				"INFOPLIST_KEY_UIStatusBarStyle[sdk=iphoneos*]" = UIStatusBarStyleDefault;
				"INFOPLIST_KEY_UIStatusBarStyle[sdk=iphonesimulator*]" = UIStatusBarStyleDefault;
				INFOPLIST_KEY_UISupportedInterfaceOrientations = "UIInterfaceOrientationLandscapeLeft UIInterfaceOrientationLandscapeRight UIInterfaceOrientationPortrait";
				INFOPLIST_KEY_UISupportedInterfaceOrientations_iPad = "UIInterfaceOrientationLandscapeLeft UIInterfaceOrientationLandscapeRight UIInterfaceOrientationPortrait UIInterfaceOrientationPortraitUpsideDown";
				IPHONEOS_DEPLOYMENT_TARGET = 15.0;
				LD_RUNPATH_SEARCH_PATHS = "@executable_path/Frameworks";
				"LD_RUNPATH_SEARCH_PATHS[sdk=macosx*]" = "@executable_path/../Frameworks";
				MACOSX_DEPLOYMENT_TARGET = 12.3;
				MARKETING_VERSION = 1.0;
				PRODUCT_BUNDLE_IDENTIFIER = com.sakuragi.WubiApp;
				PRODUCT_NAME = "$(TARGET_NAME)";
				SDKROOT = auto;
				SUPPORTED_PLATFORMS = "iphoneos iphonesimulator";
				SUPPORTS_MACCATALYST = YES;
				SUPPORTS_MAC_DESIGNED_FOR_IPHONE_IPAD = NO;
				SWIFT_EMIT_LOC_STRINGS = YES;
				SWIFT_VERSION = 5.0;
				TARGETED_DEVICE_FAMILY = "1,2";
			};
			name = Debug;
		};
		76E2C88D2923404C0022364A /* Release */ = {
			isa = XCBuildConfiguration;
			buildSettings = {
				ASSETCATALOG_COMPILER_APPICON_NAME = AppIcon;
				ASSETCATALOG_COMPILER_GLOBAL_ACCENT_COLOR_NAME = AccentColor;
				CODE_SIGN_ENTITLEMENTS = Wubi/Wubi.entitlements;
				CODE_SIGN_STYLE = Automatic;
				CURRENT_PROJECT_VERSION = 1;
				DEVELOPMENT_ASSET_PATHS = "\"Wubi/Preview Content\"";
				DEVELOPMENT_TEAM = K8MXV5Q42C;
				ENABLE_HARDENED_RUNTIME = YES;
				ENABLE_PREVIEWS = YES;
				GENERATE_INFOPLIST_FILE = YES;
				"INFOPLIST_KEY_UIApplicationSceneManifest_Generation[sdk=iphoneos*]" = YES;
				"INFOPLIST_KEY_UIApplicationSceneManifest_Generation[sdk=iphonesimulator*]" = YES;
				"INFOPLIST_KEY_UIApplicationSupportsIndirectInputEvents[sdk=iphoneos*]" = YES;
				"INFOPLIST_KEY_UIApplicationSupportsIndirectInputEvents[sdk=iphonesimulator*]" = YES;
				"INFOPLIST_KEY_UILaunchScreen_Generation[sdk=iphoneos*]" = YES;
				"INFOPLIST_KEY_UILaunchScreen_Generation[sdk=iphonesimulator*]" = YES;
				"INFOPLIST_KEY_UIStatusBarStyle[sdk=iphoneos*]" = UIStatusBarStyleDefault;
				"INFOPLIST_KEY_UIStatusBarStyle[sdk=iphonesimulator*]" = UIStatusBarStyleDefault;
				INFOPLIST_KEY_UISupportedInterfaceOrientations = "UIInterfaceOrientationLandscapeLeft UIInterfaceOrientationLandscapeRight UIInterfaceOrientationPortrait";
				INFOPLIST_KEY_UISupportedInterfaceOrientations_iPad = "UIInterfaceOrientationLandscapeLeft UIInterfaceOrientationLandscapeRight UIInterfaceOrientationPortrait UIInterfaceOrientationPortraitUpsideDown";
				IPHONEOS_DEPLOYMENT_TARGET = 15.0;
				LD_RUNPATH_SEARCH_PATHS = "@executable_path/Frameworks";
				"LD_RUNPATH_SEARCH_PATHS[sdk=macosx*]" = "@executable_path/../Frameworks";
				MACOSX_DEPLOYMENT_TARGET = 12.3;
				MARKETING_VERSION = 1.0;
				PRODUCT_BUNDLE_IDENTIFIER = com.sakuragi.WubiApp;
				PRODUCT_NAME = "$(TARGET_NAME)";
				SDKROOT = auto;
				SUPPORTED_PLATFORMS = "iphoneos iphonesimulator";
				SUPPORTS_MACCATALYST = YES;
				SUPPORTS_MAC_DESIGNED_FOR_IPHONE_IPAD = NO;
				SWIFT_EMIT_LOC_STRINGS = YES;
				SWIFT_VERSION = 5.0;
				TARGETED_DEVICE_FAMILY = "1,2";
			};
			name = Release;
		};
/* End XCBuildConfiguration section */

/* Begin XCConfigurationList section */
		76C00D362A52CC3D009D2ED7 /* Build configuration list for PBXNativeTarget "WubiMac" */ = {
			isa = XCConfigurationList;
			buildConfigurations = (
				76C00D342A52CC3D009D2ED7 /* Debug */,
				76C00D352A52CC3D009D2ED7 /* Release */,
			);
			defaultConfigurationIsVisible = 0;
			defaultConfigurationName = Release;
		};
		76E2C8772923404A0022364A /* Build configuration list for PBXProject "Wubi" */ = {
			isa = XCConfigurationList;
			buildConfigurations = (
				76E2C8892923404C0022364A /* Debug */,
				76E2C88A2923404C0022364A /* Release */,
			);
			defaultConfigurationIsVisible = 0;
			defaultConfigurationName = Release;
		};
		76E2C88B2923404C0022364A /* Build configuration list for PBXNativeTarget "Wubi" */ = {
			isa = XCConfigurationList;
			buildConfigurations = (
				76E2C88C2923404C0022364A /* Debug */,
				76E2C88D2923404C0022364A /* Release */,
			);
			defaultConfigurationIsVisible = 0;
			defaultConfigurationName = Release;
		};
/* End XCConfigurationList section */
	};
	rootObject = 76E2C8742923404A0022364A /* Project object */;
}
